
Microsoft Visual Studio Solution File, Format Version 12.00
# Visual Studio 14
VisualStudioVersion = 14.0.24720.0
MinimumVisualStudioVersion = 10.0.40219.1
Project("{FAE04EC0-301F-11D3-BF4B-00C04F79EFBC}") = "NLog.Targets.TextWriter", "NLog.Targets.TextWriter\NLog.Targets.TextWriter.csproj", "{9699CA8A-1131-4E27-B77C-456F4EA3BA36}"
EndProject
Project("{FAE04EC0-301F-11D3-BF4B-00C04F79EFBC}") = "NLog.Targets.TextWriter.UnitTests", "NLog.Targets.TextWriter.UnitTests\NLog.Targets.TextWriter.UnitTests.csproj", "{0FC5BA75-A98B-41B7-8DDF-86888987B2B7}"
EndProject
Global
	GlobalSection(SolutionConfigurationPlatforms) = preSolution
		Debug|Any CPU = Debug|Any CPU
		Release|Any CPU = Release|Any CPU
	EndGlobalSection
	GlobalSection(ProjectConfigurationPlatforms) = postSolution
		{9699CA8A-1131-4E27-B77C-456F4EA3BA36}.Debug|Any CPU.ActiveCfg = Debug|Any CPU
		{9699CA8A-1131-4E27-B77C-456F4EA3BA36}.Debug|Any CPU.Build.0 = Debug|Any CPU
		{9699CA8A-1131-4E27-B77C-456F4EA3BA36}.Release|Any CPU.ActiveCfg = Release|Any CPU
		{9699CA8A-1131-4E27-B77C-456F4EA3BA36}.Release|Any CPU.Build.0 = Release|Any CPU
		{0FC5BA75-A98B-41B7-8DDF-86888987B2B7}.Debug|Any CPU.ActiveCfg = Debug|Any CPU
		{0FC5BA75-A98B-41B7-8DDF-86888987B2B7}.Debug|Any CPU.Build.0 = Debug|Any CPU
		{0FC5BA75-A98B-41B7-8DDF-86888987B2B7}.Release|Any CPU.ActiveCfg = Release|Any CPU
		{0FC5BA75-A98B-41B7-8DDF-86888987B2B7}.Release|Any CPU.Build.0 = Release|Any CPU
	EndGlobalSection
	GlobalSection(SolutionProperties) = preSolution
		HideSolutionNode = FALSE
	EndGlobalSection
EndGlobal
